// !$*UTF8*$!
{
	archiveVersion = 1;
	classes = {
	};
	objectVersion = 46;
	objects = {

/* Begin PBXBuildFile section */
		0B4CCE0A189141E70033285D /* firstaid.png in Resources */ = {isa = PBXBuildFile; fileRef = 0B4CCE00189141E70033285D /* firstaid.png */; };
		0B4CCE0B189141E70033285D /* firstaid@2x.png in Resources */ = {isa = PBXBuildFile; fileRef = 0B4CCE01189141E70033285D /* firstaid@2x.png */; };
		0B4CCE0C189141E70033285D /* food.png in Resources */ = {isa = PBXBuildFile; fileRef = 0B4CCE02189141E70033285D /* food.png */; };
		0B4CCE0D189141E70033285D /* food@2x.png in Resources */ = {isa = PBXBuildFile; fileRef = 0B4CCE03189141E70033285D /* food@2x.png */; };
		0B4CCE0E189141E70033285D /* ride.png in Resources */ = {isa = PBXBuildFile; fileRef = 0B4CCE04189141E70033285D /* ride.png */; };
		0B4CCE0F189141E70033285D /* ride@2x.png in Resources */ = {isa = PBXBuildFile; fileRef = 0B4CCE05189141E70033285D /* ride@2x.png */; };
		0B4CCE10189141E70033285D /* star.png in Resources */ = {isa = PBXBuildFile; fileRef = 0B4CCE06189141E70033285D /* star.png */; };
		0B4CCE11189141E70033285D /* star@2x.png in Resources */ = {isa = PBXBuildFile; fileRef = 0B4CCE07189141E70033285D /* star@2x.png */; };
		0B4CCE12189141E70033285D /* overlay_park.png in Resources */ = {isa = PBXBuildFile; fileRef = 0B4CCE08189141E70033285D /* overlay_park.png */; };
		0B4CCE13189141E70033285D /* overlay_park@2x.png in Resources */ = {isa = PBXBuildFile; fileRef = 0B4CCE09189141E70033285D /* overlay_park@2x.png */; };
		0B4CCE1B1891422B0033285D /* MagicMountain.plist in Resources */ = {isa = PBXBuildFile; fileRef = 0B4CCE151891422B0033285D /* MagicMountain.plist */; };
		0B4CCE1C1891422B0033285D /* MagicMountainAttractions.plist in Resources */ = {isa = PBXBuildFile; fileRef = 0B4CCE161891422B0033285D /* MagicMountainAttractions.plist */; };
		0B4CCE1D1891422B0033285D /* EntranceToGoliathRoute.plist in Resources */ = {isa = PBXBuildFile; fileRef = 0B4CCE171891422B0033285D /* EntranceToGoliathRoute.plist */; };
		0B4CCE1E1891422B0033285D /* TazLocations.plist in Resources */ = {isa = PBXBuildFile; fileRef = 0B4CCE181891422B0033285D /* TazLocations.plist */; };
		0B4CCE1F1891422B0033285D /* BatmanLocations.plist in Resources */ = {isa = PBXBuildFile; fileRef = 0B4CCE191891422B0033285D /* BatmanLocations.plist */; };
		0B4CCE201891422B0033285D /* TweetyBirdLocations.plist in Resources */ = {isa = PBXBuildFile; fileRef = 0B4CCE1A1891422B0033285D /* TweetyBirdLocations.plist */; };
		0B4CCE23189142430033285D /* PVPark.m in Sources */ = {isa = PBXBuildFile; fileRef = 0B4CCE22189142430033285D /* PVPark.m */; };
		0B4CCE2B1891425C0033285D /* PVParkMapOverlay.m in Sources */ = {isa = PBXBuildFile; fileRef = 0B4CCE261891425C0033285D /* PVParkMapOverlay.m */; };
		0B4CCE2C1891425C0033285D /* PVParkMapOverlayView.m in Sources */ = {isa = PBXBuildFile; fileRef = 0B4CCE281891425C0033285D /* PVParkMapOverlayView.m */; };
		0B4CCE2D1891425C0033285D /* PVCharacter.m in Sources */ = {isa = PBXBuildFile; fileRef = 0B4CCE2A1891425C0033285D /* PVCharacter.m */; };
		0B4CCE33189142720033285D /* PVAttractionAnnotation.m in Sources */ = {isa = PBXBuildFile; fileRef = 0B4CCE30189142720033285D /* PVAttractionAnnotation.m */; };
		0B4CCE34189142720033285D /* PVAttractionAnnotationView.m in Sources */ = {isa = PBXBuildFile; fileRef = 0B4CCE32189142720033285D /* PVAttractionAnnotationView.m */; };
		D510D5FD15DE65F5003B4986 /* UIKit.framework in Frameworks */ = {isa = PBXBuildFile; fileRef = D510D5FC15DE65F5003B4986 /* UIKit.framework */; };
		D510D5FF15DE65F5003B4986 /* Foundation.framework in Frameworks */ = {isa = PBXBuildFile; fileRef = D510D5FE15DE65F5003B4986 /* Foundation.framework */; };
		D510D60115DE65F5003B4986 /* CoreGraphics.framework in Frameworks */ = {isa = PBXBuildFile; fileRef = D510D60015DE65F5003B4986 /* CoreGraphics.framework */; };
		D510D60715DE65F5003B4986 /* InfoPlist.strings in Resources */ = {isa = PBXBuildFile; fileRef = D510D60515DE65F5003B4986 /* InfoPlist.strings */; };
		D510D60915DE65F5003B4986 /* main.m in Sources */ = {isa = PBXBuildFile; fileRef = D510D60815DE65F5003B4986 /* main.m */; };
		D510D60D15DE65F5003B4986 /* AppDelegate.m in Sources */ = {isa = PBXBuildFile; fileRef = D510D60C15DE65F5003B4986 /* AppDelegate.m */; };
		D510D61015DE65F5003B4986 /* MainStoryboard.storyboard in Resources */ = {isa = PBXBuildFile; fileRef = D510D60E15DE65F5003B4986 /* MainStoryboard.storyboard */; };
		D510D63215DE67AA003B4986 /* CoreData.framework in Frameworks */ = {isa = PBXBuildFile; fileRef = D510D63115DE67AA003B4986 /* CoreData.framework */; };
		D510D63615DE67F7003B4986 /* BiergartenGAEFetcher.m in Sources */ = {isa = PBXBuildFile; fileRef = D510D63515DE67F7003B4986 /* BiergartenGAEFetcher.m */; };
		D510D63915DE6BB8003B4986 /* BiergartenDataModel.xcdatamodeld in Sources */ = {isa = PBXBuildFile; fileRef = D510D63715DE6BB8003B4986 /* BiergartenDataModel.xcdatamodeld */; };
		D510D66715DE71EF003B4986 /* BiergartenDataHelper.m in Sources */ = {isa = PBXBuildFile; fileRef = D510D66615DE71EF003B4986 /* BiergartenDataHelper.m */; };
		D510D66915DE7734003B4986 /* MapKit.framework in Frameworks */ = {isa = PBXBuildFile; fileRef = D510D66815DE7734003B4986 /* MapKit.framework */; };
		D510D66B15DE773C003B4986 /* AVFoundation.framework in Frameworks */ = {isa = PBXBuildFile; fileRef = D510D66A15DE773C003B4986 /* AVFoundation.framework */; };
		D510D66D15DE7743003B4986 /* QuartzCore.framework in Frameworks */ = {isa = PBXBuildFile; fileRef = D510D66C15DE7743003B4986 /* QuartzCore.framework */; };
		D510D66F15DE77B5003B4986 /* Constants.m in Sources */ = {isa = PBXBuildFile; fileRef = D510D62F15DE673F003B4986 /* Constants.m */; };
		D510D67815DE826B003B4986 /* JSMCoreDataHelper.m in Sources */ = {isa = PBXBuildFile; fileRef = D510D67715DE817B003B4986 /* JSMCoreDataHelper.m */; };
		D522BA5B15DEDEA800826307 /* Speisen.m in Sources */ = {isa = PBXBuildFile; fileRef = D522BA5A15DEDEA800826307 /* Speisen.m */; };
		D522BA5E15DEDEA800826307 /* Biergarten.m in Sources */ = {isa = PBXBuildFile; fileRef = D522BA5D15DEDEA800826307 /* Biergarten.m */; };
		D522BA6115DEDEA800826307 /* Adresse.m in Sources */ = {isa = PBXBuildFile; fileRef = D522BA6015DEDEA800826307 /* Adresse.m */; };
		D522BA6415DEDEA800826307 /* Getraenke.m in Sources */ = {isa = PBXBuildFile; fileRef = D522BA6315DEDEA800826307 /* Getraenke.m */; };
		D5CBC2E815EA2B4A00362917 /* IpadStoryboard.storyboard in Resources */ = {isa = PBXBuildFile; fileRef = D5CBC2E715EA2B4A00362917 /* IpadStoryboard.storyboard */; };
		D5FAE62615E03FDD0028E80D /* CoreLocation.framework in Frameworks */ = {isa = PBXBuildFile; fileRef = D5FAE62515E03FDD0028E80D /* CoreLocation.framework */; };
		D5FAE62D15E047B20028E80D /* bayerflagge_480x800_ohne_alles.png in Resources */ = {isa = PBXBuildFile; fileRef = D5FAE62C15E047B20028E80D /* bayerflagge_480x800_ohne_alles.png */; };
		D5FAE63315E049A80028E80D /* BiergartenRootControllerViewController.m in Sources */ = {isa = PBXBuildFile; fileRef = D5FAE63215E049A80028E80D /* BiergartenRootControllerViewController.m */; };
/* End PBXBuildFile section */

/* Begin PBXFileReference section */
		0B4CCE00189141E70033285D /* firstaid.png */ = {isa = PBXFileReference; lastKnownFileType = image.png; path = firstaid.png; sourceTree = "<group>"; };
		0B4CCE01189141E70033285D /* firstaid@2x.png */ = {isa = PBXFileReference; lastKnownFileType = image.png; path = "firstaid@2x.png"; sourceTree = "<group>"; };
		0B4CCE02189141E70033285D /* food.png */ = {isa = PBXFileReference; lastKnownFileType = image.png; path = food.png; sourceTree = "<group>"; };
		0B4CCE03189141E70033285D /* food@2x.png */ = {isa = PBXFileReference; lastKnownFileType = image.png; path = "food@2x.png"; sourceTree = "<group>"; };
		0B4CCE04189141E70033285D /* ride.png */ = {isa = PBXFileReference; lastKnownFileType = image.png; path = ride.png; sourceTree = "<group>"; };
		0B4CCE05189141E70033285D /* ride@2x.png */ = {isa = PBXFileReference; lastKnownFileType = image.png; path = "ride@2x.png"; sourceTree = "<group>"; };
		0B4CCE06189141E70033285D /* star.png */ = {isa = PBXFileReference; lastKnownFileType = image.png; path = star.png; sourceTree = "<group>"; };
		0B4CCE07189141E70033285D /* star@2x.png */ = {isa = PBXFileReference; lastKnownFileType = image.png; path = "star@2x.png"; sourceTree = "<group>"; };
		0B4CCE08189141E70033285D /* overlay_park.png */ = {isa = PBXFileReference; lastKnownFileType = image.png; path = overlay_park.png; sourceTree = "<group>"; };
		0B4CCE09189141E70033285D /* overlay_park@2x.png */ = {isa = PBXFileReference; lastKnownFileType = image.png; path = "overlay_park@2x.png"; sourceTree = "<group>"; };
		0B4CCE151891422B0033285D /* MagicMountain.plist */ = {isa = PBXFileReference; fileEncoding = 4; lastKnownFileType = text.plist.xml; path = MagicMountain.plist; sourceTree = "<group>"; };
		0B4CCE161891422B0033285D /* MagicMountainAttractions.plist */ = {isa = PBXFileReference; fileEncoding = 4; lastKnownFileType = text.plist.xml; path = MagicMountainAttractions.plist; sourceTree = "<group>"; };
		0B4CCE171891422B0033285D /* EntranceToGoliathRoute.plist */ = {isa = PBXFileReference; fileEncoding = 4; lastKnownFileType = text.plist.xml; path = EntranceToGoliathRoute.plist; sourceTree = "<group>"; };
		0B4CCE181891422B0033285D /* TazLocations.plist */ = {isa = PBXFileReference; fileEncoding = 4; lastKnownFileType = text.plist.xml; path = TazLocations.plist; sourceTree = "<group>"; };
		0B4CCE191891422B0033285D /* BatmanLocations.plist */ = {isa = PBXFileReference; fileEncoding = 4; lastKnownFileType = text.plist.xml; path = BatmanLocations.plist; sourceTree = "<group>"; };
		0B4CCE1A1891422B0033285D /* TweetyBirdLocations.plist */ = {isa = PBXFileReference; fileEncoding = 4; lastKnownFileType = text.plist.xml; path = TweetyBirdLocations.plist; sourceTree = "<group>"; };
		0B4CCE21189142430033285D /* PVPark.h */ = {isa = PBXFileReference; fileEncoding = 4; lastKnownFileType = sourcecode.c.h; path = PVPark.h; sourceTree = "<group>"; };
		0B4CCE22189142430033285D /* PVPark.m */ = {isa = PBXFileReference; fileEncoding = 4; lastKnownFileType = sourcecode.c.objc; path = PVPark.m; sourceTree = "<group>"; };
		0B4CCE251891425C0033285D /* PVParkMapOverlay.h */ = {isa = PBXFileReference; fileEncoding = 4; lastKnownFileType = sourcecode.c.h; path = PVParkMapOverlay.h; sourceTree = "<group>"; };
		0B4CCE261891425C0033285D /* PVParkMapOverlay.m */ = {isa = PBXFileReference; fileEncoding = 4; lastKnownFileType = sourcecode.c.objc; path = PVParkMapOverlay.m; sourceTree = "<group>"; };
		0B4CCE271891425C0033285D /* PVParkMapOverlayView.h */ = {isa = PBXFileReference; fileEncoding = 4; lastKnownFileType = sourcecode.c.h; path = PVParkMapOverlayView.h; sourceTree = "<group>"; };
		0B4CCE281891425C0033285D /* PVParkMapOverlayView.m */ = {isa = PBXFileReference; fileEncoding = 4; lastKnownFileType = sourcecode.c.objc; path = PVParkMapOverlayView.m; sourceTree = "<group>"; };
		0B4CCE291891425C0033285D /* PVCharacter.h */ = {isa = PBXFileReference; fileEncoding = 4; lastKnownFileType = sourcecode.c.h; path = PVCharacter.h; sourceTree = "<group>"; };
		0B4CCE2A1891425C0033285D /* PVCharacter.m */ = {isa = PBXFileReference; fileEncoding = 4; lastKnownFileType = sourcecode.c.objc; path = PVCharacter.m; sourceTree = "<group>"; };
		0B4CCE2F189142720033285D /* PVAttractionAnnotation.h */ = {isa = PBXFileReference; fileEncoding = 4; lastKnownFileType = sourcecode.c.h; path = PVAttractionAnnotation.h; sourceTree = "<group>"; };
		0B4CCE30189142720033285D /* PVAttractionAnnotation.m */ = {isa = PBXFileReference; fileEncoding = 4; lastKnownFileType = sourcecode.c.objc; path = PVAttractionAnnotation.m; sourceTree = "<group>"; };
		0B4CCE31189142720033285D /* PVAttractionAnnotationView.h */ = {isa = PBXFileReference; fileEncoding = 4; lastKnownFileType = sourcecode.c.h; path = PVAttractionAnnotationView.h; sourceTree = "<group>"; };
		0B4CCE32189142720033285D /* PVAttractionAnnotationView.m */ = {isa = PBXFileReference; fileEncoding = 4; lastKnownFileType = sourcecode.c.objc; path = PVAttractionAnnotationView.m; sourceTree = "<group>"; };
		D510D5F815DE65F5003B4986 /* BiergartenApp.app */ = {isa = PBXFileReference; explicitFileType = wrapper.application; includeInIndex = 0; path = BiergartenApp.app; sourceTree = BUILT_PRODUCTS_DIR; };
		D510D5FC15DE65F5003B4986 /* UIKit.framework */ = {isa = PBXFileReference; lastKnownFileType = wrapper.framework; name = UIKit.framework; path = System/Library/Frameworks/UIKit.framework; sourceTree = SDKROOT; };
		D510D5FE15DE65F5003B4986 /* Foundation.framework */ = {isa = PBXFileReference; lastKnownFileType = wrapper.framework; name = Foundation.framework; path = System/Library/Frameworks/Foundation.framework; sourceTree = SDKROOT; };
		D510D60015DE65F5003B4986 /* CoreGraphics.framework */ = {isa = PBXFileReference; lastKnownFileType = wrapper.framework; name = CoreGraphics.framework; path = System/Library/Frameworks/CoreGraphics.framework; sourceTree = SDKROOT; };
		D510D60415DE65F5003B4986 /* BiergartenApp-Info.plist */ = {isa = PBXFileReference; lastKnownFileType = text.plist.xml; path = "BiergartenApp-Info.plist"; sourceTree = "<group>"; };
		D510D60615DE65F5003B4986 /* en */ = {isa = PBXFileReference; lastKnownFileType = text.plist.strings; name = en; path = en.lproj/InfoPlist.strings; sourceTree = "<group>"; };
		D510D60815DE65F5003B4986 /* main.m */ = {isa = PBXFileReference; lastKnownFileType = sourcecode.c.objc; path = main.m; sourceTree = "<group>"; };
		D510D60A15DE65F5003B4986 /* BiergartenApp-Prefix.pch */ = {isa = PBXFileReference; lastKnownFileType = sourcecode.c.h; path = "BiergartenApp-Prefix.pch"; sourceTree = "<group>"; };
		D510D60B15DE65F5003B4986 /* AppDelegate.h */ = {isa = PBXFileReference; lastKnownFileType = sourcecode.c.h; path = AppDelegate.h; sourceTree = "<group>"; };
		D510D60C15DE65F5003B4986 /* AppDelegate.m */ = {isa = PBXFileReference; lastKnownFileType = sourcecode.c.objc; path = AppDelegate.m; sourceTree = "<group>"; };
		D510D60F15DE65F5003B4986 /* en */ = {isa = PBXFileReference; lastKnownFileType = file.storyboard; name = en; path = en.lproj/MainStoryboard.storyboard; sourceTree = "<group>"; };
		D510D62115DE66D1003B4986 /* JSMToolbox.h */ = {isa = PBXFileReference; lastKnownFileType = sourcecode.c.h; path = JSMToolbox.h; sourceTree = "<group>"; };
		D510D62215DE66D1003B4986 /* JSMToolbox.m */ = {isa = PBXFileReference; lastKnownFileType = sourcecode.c.objc; path = JSMToolbox.m; sourceTree = "<group>"; };
		D510D62315DE66D1003B4986 /* JSMBadgeLabel.h */ = {isa = PBXFileReference; lastKnownFileType = sourcecode.c.h; path = JSMBadgeLabel.h; sourceTree = "<group>"; };
		D510D62415DE66D1003B4986 /* JSMBadgeLabel.m */ = {isa = PBXFileReference; lastKnownFileType = sourcecode.c.objc; path = JSMBadgeLabel.m; sourceTree = "<group>"; };
		D510D62515DE66D1003B4986 /* JSMBlockActionSheet.h */ = {isa = PBXFileReference; lastKnownFileType = sourcecode.c.h; path = JSMBlockActionSheet.h; sourceTree = "<group>"; };
		D510D62615DE66D1003B4986 /* JSMBlockActionSheet.m */ = {isa = PBXFileReference; lastKnownFileType = sourcecode.c.objc; path = JSMBlockActionSheet.m; sourceTree = "<group>"; };
		D510D62715DE66D1003B4986 /* JSMBlockAlertView.h */ = {isa = PBXFileReference; lastKnownFileType = sourcecode.c.h; path = JSMBlockAlertView.h; sourceTree = "<group>"; };
		D510D62815DE66D1003B4986 /* JSMBlockAlertView.m */ = {isa = PBXFileReference; lastKnownFileType = sourcecode.c.objc; path = JSMBlockAlertView.m; sourceTree = "<group>"; };
		D510D62B15DE66D1003B4986 /* JSMTableViewController.h */ = {isa = PBXFileReference; lastKnownFileType = sourcecode.c.h; path = JSMTableViewController.h; sourceTree = "<group>"; };
		D510D62C15DE66D1003B4986 /* JSMTableViewController.m */ = {isa = PBXFileReference; lastKnownFileType = sourcecode.c.objc; path = JSMTableViewController.m; sourceTree = "<group>"; };
		D510D62E15DE673F003B4986 /* Constants.h */ = {isa = PBXFileReference; lastKnownFileType = sourcecode.c.h; path = Constants.h; sourceTree = "<group>"; };
		D510D62F15DE673F003B4986 /* Constants.m */ = {isa = PBXFileReference; lastKnownFileType = sourcecode.c.objc; path = Constants.m; sourceTree = "<group>"; };
		D510D63115DE67AA003B4986 /* CoreData.framework */ = {isa = PBXFileReference; lastKnownFileType = wrapper.framework; name = CoreData.framework; path = System/Library/Frameworks/CoreData.framework; sourceTree = SDKROOT; };
		D510D63415DE67F7003B4986 /* BiergartenGAEFetcher.h */ = {isa = PBXFileReference; fileEncoding = 4; lastKnownFileType = sourcecode.c.h; path = BiergartenGAEFetcher.h; sourceTree = "<group>"; };
		D510D63515DE67F7003B4986 /* BiergartenGAEFetcher.m */ = {isa = PBXFileReference; fileEncoding = 4; lastKnownFileType = sourcecode.c.objc; path = BiergartenGAEFetcher.m; sourceTree = "<group>"; };
		D510D63815DE6BB8003B4986 /* BiergartenDataModel.xcdatamodel */ = {isa = PBXFileReference; lastKnownFileType = wrapper.xcdatamodel; path = BiergartenDataModel.xcdatamodel; sourceTree = "<group>"; };
		D510D66515DE71EF003B4986 /* BiergartenDataHelper.h */ = {isa = PBXFileReference; fileEncoding = 4; lastKnownFileType = sourcecode.c.h; path = BiergartenDataHelper.h; sourceTree = "<group>"; };
		D510D66615DE71EF003B4986 /* BiergartenDataHelper.m */ = {isa = PBXFileReference; fileEncoding = 4; lastKnownFileType = sourcecode.c.objc; path = BiergartenDataHelper.m; sourceTree = "<group>"; };
		D510D66815DE7734003B4986 /* MapKit.framework */ = {isa = PBXFileReference; lastKnownFileType = wrapper.framework; name = MapKit.framework; path = System/Library/Frameworks/MapKit.framework; sourceTree = SDKROOT; };
		D510D66A15DE773C003B4986 /* AVFoundation.framework */ = {isa = PBXFileReference; lastKnownFileType = wrapper.framework; name = AVFoundation.framework; path = System/Library/Frameworks/AVFoundation.framework; sourceTree = SDKROOT; };
		D510D66C15DE7743003B4986 /* QuartzCore.framework */ = {isa = PBXFileReference; lastKnownFileType = wrapper.framework; name = QuartzCore.framework; path = System/Library/Frameworks/QuartzCore.framework; sourceTree = SDKROOT; };
		D510D67615DE817B003B4986 /* JSMCoreDataHelper.h */ = {isa = PBXFileReference; lastKnownFileType = sourcecode.c.h; path = JSMCoreDataHelper.h; sourceTree = "<group>"; };
		D510D67715DE817B003B4986 /* JSMCoreDataHelper.m */ = {isa = PBXFileReference; lastKnownFileType = sourcecode.c.objc; path = JSMCoreDataHelper.m; sourceTree = "<group>"; };
		D522BA5915DEDEA800826307 /* Speisen.h */ = {isa = PBXFileReference; fileEncoding = 4; lastKnownFileType = sourcecode.c.h; path = Speisen.h; sourceTree = "<group>"; };
		D522BA5A15DEDEA800826307 /* Speisen.m */ = {isa = PBXFileReference; fileEncoding = 4; lastKnownFileType = sourcecode.c.objc; path = Speisen.m; sourceTree = "<group>"; };
		D522BA5C15DEDEA800826307 /* Biergarten.h */ = {isa = PBXFileReference; fileEncoding = 4; lastKnownFileType = sourcecode.c.h; path = Biergarten.h; sourceTree = "<group>"; };
		D522BA5D15DEDEA800826307 /* Biergarten.m */ = {isa = PBXFileReference; fileEncoding = 4; lastKnownFileType = sourcecode.c.objc; path = Biergarten.m; sourceTree = "<group>"; };
		D522BA5F15DEDEA800826307 /* Adresse.h */ = {isa = PBXFileReference; fileEncoding = 4; lastKnownFileType = sourcecode.c.h; path = Adresse.h; sourceTree = "<group>"; };
		D522BA6015DEDEA800826307 /* Adresse.m */ = {isa = PBXFileReference; fileEncoding = 4; lastKnownFileType = sourcecode.c.objc; path = Adresse.m; sourceTree = "<group>"; };
		D522BA6215DEDEA800826307 /* Getraenke.h */ = {isa = PBXFileReference; fileEncoding = 4; lastKnownFileType = sourcecode.c.h; path = Getraenke.h; sourceTree = "<group>"; };
		D522BA6315DEDEA800826307 /* Getraenke.m */ = {isa = PBXFileReference; fileEncoding = 4; lastKnownFileType = sourcecode.c.objc; path = Getraenke.m; sourceTree = "<group>"; };
		D5CBC2E715EA2B4A00362917 /* IpadStoryboard.storyboard */ = {isa = PBXFileReference; fileEncoding = 4; lastKnownFileType = file.storyboard; path = IpadStoryboard.storyboard; sourceTree = "<group>"; };
		D5FAE62515E03FDD0028E80D /* CoreLocation.framework */ = {isa = PBXFileReference; lastKnownFileType = wrapper.framework; name = CoreLocation.framework; path = System/Library/Frameworks/CoreLocation.framework; sourceTree = SDKROOT; };
		D5FAE62C15E047B20028E80D /* bayerflagge_480x800_ohne_alles.png */ = {isa = PBXFileReference; lastKnownFileType = image.png; path = bayerflagge_480x800_ohne_alles.png; sourceTree = "<group>"; };
		D5FAE63115E049A80028E80D /* BiergartenRootControllerViewController.h */ = {isa = PBXFileReference; fileEncoding = 4; lastKnownFileType = sourcecode.c.h; name = BiergartenRootControllerViewController.h; path = ../BiergartenRootControllerViewController.h; sourceTree = "<group>"; };
		D5FAE63215E049A80028E80D /* BiergartenRootControllerViewController.m */ = {isa = PBXFileReference; fileEncoding = 4; lastKnownFileType = sourcecode.c.objc; name = BiergartenRootControllerViewController.m; path = ../BiergartenRootControllerViewController.m; sourceTree = "<group>"; };
/* End PBXFileReference section */

/* Begin PBXFrameworksBuildPhase section */
		D510D5F515DE65F5003B4986 /* Frameworks */ = {
			isa = PBXFrameworksBuildPhase;
			buildActionMask = 2147483647;
			files = (
				D5FAE62615E03FDD0028E80D /* CoreLocation.framework in Frameworks */,
				D510D66D15DE7743003B4986 /* QuartzCore.framework in Frameworks */,
				D510D66B15DE773C003B4986 /* AVFoundation.framework in Frameworks */,
				D510D66915DE7734003B4986 /* MapKit.framework in Frameworks */,
				D510D63215DE67AA003B4986 /* CoreData.framework in Frameworks */,
				D510D5FD15DE65F5003B4986 /* UIKit.framework in Frameworks */,
				D510D5FF15DE65F5003B4986 /* Foundation.framework in Frameworks */,
				D510D60115DE65F5003B4986 /* CoreGraphics.framework in Frameworks */,
			);
			runOnlyForDeploymentPostprocessing = 0;
		};
/* End PBXFrameworksBuildPhase section */

/* Begin PBXGroup section */
		0B4CCE141891421F0033285D /* Park Information */ = {
			isa = PBXGroup;
			children = (
				0B4CCE151891422B0033285D /* MagicMountain.plist */,
				0B4CCE161891422B0033285D /* MagicMountainAttractions.plist */,
				0B4CCE171891422B0033285D /* EntranceToGoliathRoute.plist */,
				0B4CCE181891422B0033285D /* TazLocations.plist */,
				0B4CCE191891422B0033285D /* BatmanLocations.plist */,
				0B4CCE1A1891422B0033285D /* TweetyBirdLocations.plist */,
			);
			name = "Park Information";
			sourceTree = "<group>";
		};
		0B4CCE241891424F0033285D /* Overlays */ = {
			isa = PBXGroup;
			children = (
				0B4CCE251891425C0033285D /* PVParkMapOverlay.h */,
				0B4CCE261891425C0033285D /* PVParkMapOverlay.m */,
				0B4CCE271891425C0033285D /* PVParkMapOverlayView.h */,
				0B4CCE281891425C0033285D /* PVParkMapOverlayView.m */,
				0B4CCE291891425C0033285D /* PVCharacter.h */,
				0B4CCE2A1891425C0033285D /* PVCharacter.m */,
			);
			name = Overlays;
			sourceTree = "<group>";
		};
		0B4CCE2E189142630033285D /* Annotations */ = {
			isa = PBXGroup;
			children = (
				0B4CCE2F189142720033285D /* PVAttractionAnnotation.h */,
				0B4CCE30189142720033285D /* PVAttractionAnnotation.m */,
				0B4CCE31189142720033285D /* PVAttractionAnnotationView.h */,
				0B4CCE32189142720033285D /* PVAttractionAnnotationView.m */,
			);
			name = Annotations;
			sourceTree = "<group>";
		};
		D510D5ED15DE65F5003B4986 = {
			isa = PBXGroup;
			children = (
				0B4CCE2E189142630033285D /* Annotations */,
				0B4CCE241891424F0033285D /* Overlays */,
				0B4CCE141891421F0033285D /* Park Information */,
				D510D60215DE65F5003B4986 /* BiergartenApp */,
				D510D5FB15DE65F5003B4986 /* Frameworks */,
				D510D5F915DE65F5003B4986 /* Products */,
			);
			sourceTree = "<group>";
		};
		D510D5F915DE65F5003B4986 /* Products */ = {
			isa = PBXGroup;
			children = (
				D510D5F815DE65F5003B4986 /* BiergartenApp.app */,
			);
			name = Products;
			sourceTree = "<group>";
		};
		D510D5FB15DE65F5003B4986 /* Frameworks */ = {
			isa = PBXGroup;
			children = (
				D5FAE62515E03FDD0028E80D /* CoreLocation.framework */,
				D510D66C15DE7743003B4986 /* QuartzCore.framework */,
				D510D66A15DE773C003B4986 /* AVFoundation.framework */,
				D510D66815DE7734003B4986 /* MapKit.framework */,
				D510D63115DE67AA003B4986 /* CoreData.framework */,
				D510D5FC15DE65F5003B4986 /* UIKit.framework */,
				D510D5FE15DE65F5003B4986 /* Foundation.framework */,
				D510D60015DE65F5003B4986 /* CoreGraphics.framework */,
			);
			name = Frameworks;
			sourceTree = "<group>";
		};
		D510D60215DE65F5003B4986 /* BiergartenApp */ = {
			isa = PBXGroup;
			children = (
				D5FAE62B15E047810028E80D /* Images */,
				D5FAE61D15E03C2A0028E80D /* Maps */,
				D510D63315DE67D3003B4986 /* Services */,
				D510D63015DE6760003B4986 /* Storyboard */,
				D510D62015DE66A2003B4986 /* Toolbox */,
				D510D61F15DE667C003B4986 /* Biergarten */,
				D510D61E15DE6660003B4986 /* Constants */,
				D510D61D15DE6658003B4986 /* DataModel */,
				D510D60315DE65F5003B4986 /* Supporting Files */,
			);
			path = BiergartenApp;
			sourceTree = "<group>";
		};
		D510D60315DE65F5003B4986 /* Supporting Files */ = {
			isa = PBXGroup;
			children = (
				D510D60415DE65F5003B4986 /* BiergartenApp-Info.plist */,
				D510D60515DE65F5003B4986 /* InfoPlist.strings */,
				D510D60815DE65F5003B4986 /* main.m */,
				D510D60A15DE65F5003B4986 /* BiergartenApp-Prefix.pch */,
			);
			name = "Supporting Files";
			sourceTree = "<group>";
		};
		D510D61D15DE6658003B4986 /* DataModel */ = {
			isa = PBXGroup;
			children = (
				0B4CCE21189142430033285D /* PVPark.h */,
				0B4CCE22189142430033285D /* PVPark.m */,
				D510D63715DE6BB8003B4986 /* BiergartenDataModel.xcdatamodeld */,
				D522BA5915DEDEA800826307 /* Speisen.h */,
				D522BA5A15DEDEA800826307 /* Speisen.m */,
				D522BA5C15DEDEA800826307 /* Biergarten.h */,
				D522BA5D15DEDEA800826307 /* Biergarten.m */,
				D522BA5F15DEDEA800826307 /* Adresse.h */,
				D522BA6015DEDEA800826307 /* Adresse.m */,
				D522BA6215DEDEA800826307 /* Getraenke.h */,
				D522BA6315DEDEA800826307 /* Getraenke.m */,
			);
			name = DataModel;
			sourceTree = "<group>";
		};
		D510D61E15DE6660003B4986 /* Constants */ = {
			isa = PBXGroup;
			children = (
				D510D62E15DE673F003B4986 /* Constants.h */,
				D510D62F15DE673F003B4986 /* Constants.m */,
			);
			name = Constants;
			sourceTree = "<group>";
		};
		D510D61F15DE667C003B4986 /* Biergarten */ = {
			isa = PBXGroup;
			children = (
				D5FAE63115E049A80028E80D /* BiergartenRootControllerViewController.h */,
				D5FAE63215E049A80028E80D /* BiergartenRootControllerViewController.m */,
				D510D60B15DE65F5003B4986 /* AppDelegate.h */,
				D510D60C15DE65F5003B4986 /* AppDelegate.m */,
			);
			name = Biergarten;
			sourceTree = "<group>";
		};
		D510D62015DE66A2003B4986 /* Toolbox */ = {
			isa = PBXGroup;
			children = (
				D510D67615DE817B003B4986 /* JSMCoreDataHelper.h */,
				D510D67715DE817B003B4986 /* JSMCoreDataHelper.m */,
				D510D62115DE66D1003B4986 /* JSMToolbox.h */,
				D510D62215DE66D1003B4986 /* JSMToolbox.m */,
				D510D62315DE66D1003B4986 /* JSMBadgeLabel.h */,
				D510D62415DE66D1003B4986 /* JSMBadgeLabel.m */,
				D510D62515DE66D1003B4986 /* JSMBlockActionSheet.h */,
				D510D62615DE66D1003B4986 /* JSMBlockActionSheet.m */,
				D510D62715DE66D1003B4986 /* JSMBlockAlertView.h */,
				D510D62815DE66D1003B4986 /* JSMBlockAlertView.m */,
				D510D62B15DE66D1003B4986 /* JSMTableViewController.h */,
				D510D62C15DE66D1003B4986 /* JSMTableViewController.m */,
				D510D66515DE71EF003B4986 /* BiergartenDataHelper.h */,
				D510D66615DE71EF003B4986 /* BiergartenDataHelper.m */,
			);
			name = Toolbox;
			sourceTree = "<group>";
		};
		D510D63015DE6760003B4986 /* Storyboard */ = {
			isa = PBXGroup;
			children = (
				D510D60E15DE65F5003B4986 /* MainStoryboard.storyboard */,
				D5CBC2E715EA2B4A00362917 /* IpadStoryboard.storyboard */,
			);
			name = Storyboard;
			sourceTree = "<group>";
		};
		D510D63315DE67D3003B4986 /* Services */ = {
			isa = PBXGroup;
			children = (
				D510D63415DE67F7003B4986 /* BiergartenGAEFetcher.h */,
				D510D63515DE67F7003B4986 /* BiergartenGAEFetcher.m */,
			);
			name = Services;
			sourceTree = "<group>";
		};
		D5FAE61D15E03C2A0028E80D /* Maps */ = {
			isa = PBXGroup;
			children = (
			);
			name = Maps;
			sourceTree = "<group>";
		};
		D5FAE62B15E047810028E80D /* Images */ = {
			isa = PBXGroup;
			children = (
				0B4CCE00189141E70033285D /* firstaid.png */,
				0B4CCE01189141E70033285D /* firstaid@2x.png */,
				0B4CCE02189141E70033285D /* food.png */,
				0B4CCE03189141E70033285D /* food@2x.png */,
				0B4CCE04189141E70033285D /* ride.png */,
				0B4CCE05189141E70033285D /* ride@2x.png */,
				0B4CCE06189141E70033285D /* star.png */,
				0B4CCE07189141E70033285D /* star@2x.png */,
				0B4CCE08189141E70033285D /* overlay_park.png */,
				0B4CCE09189141E70033285D /* overlay_park@2x.png */,
				D5FAE62C15E047B20028E80D /* bayerflagge_480x800_ohne_alles.png */,
			);
			name = Images;
			sourceTree = "<group>";
		};
/* End PBXGroup section */

/* Begin PBXNativeTarget section */
		D510D5F715DE65F5003B4986 /* BiergartenApp */ = {
			isa = PBXNativeTarget;
			buildConfigurationList = D510D61615DE65F5003B4986 /* Build configuration list for PBXNativeTarget "BiergartenApp" */;
			buildPhases = (
				D510D5F415DE65F5003B4986 /* Sources */,
				D510D5F515DE65F5003B4986 /* Frameworks */,
				D510D5F615DE65F5003B4986 /* Resources */,
			);
			buildRules = (
			);
			dependencies = (
			);
			name = BiergartenApp;
			productName = BiergartenApp;
			productReference = D510D5F815DE65F5003B4986 /* BiergartenApp.app */;
			productType = "com.apple.product-type.application";
		};
/* End PBXNativeTarget section */

/* Begin PBXProject section */
		D510D5EF15DE65F5003B4986 /* Project object */ = {
			isa = PBXProject;
			attributes = {
				LastUpgradeCheck = 0440;
				ORGANIZATIONNAME = "Günter Platzer";
			};
			buildConfigurationList = D510D5F215DE65F5003B4986 /* Build configuration list for PBXProject "BiergartenApp" */;
			compatibilityVersion = "Xcode 3.2";
			developmentRegion = English;
			hasScannedForEncodings = 0;
			knownRegions = (
				en,
			);
			mainGroup = D510D5ED15DE65F5003B4986;
			productRefGroup = D510D5F915DE65F5003B4986 /* Products */;
			projectDirPath = "";
			projectRoot = "";
			targets = (
				D510D5F715DE65F5003B4986 /* BiergartenApp */,
			);
		};
/* End PBXProject section */

/* Begin PBXResourcesBuildPhase section */
		D510D5F615DE65F5003B4986 /* Resources */ = {
			isa = PBXResourcesBuildPhase;
			buildActionMask = 2147483647;
			files = (
				0B4CCE1C1891422B0033285D /* MagicMountainAttractions.plist in Resources */,
				0B4CCE0D189141E70033285D /* food@2x.png in Resources */,
				D510D60715DE65F5003B4986 /* InfoPlist.strings in Resources */,
				0B4CCE0E189141E70033285D /* ride.png in Resources */,
				0B4CCE1D1891422B0033285D /* EntranceToGoliathRoute.plist in Resources */,
				0B4CCE13189141E70033285D /* overlay_park@2x.png in Resources */,
				D510D61015DE65F5003B4986 /* MainStoryboard.storyboard in Resources */,
				0B4CCE0B189141E70033285D /* firstaid@2x.png in Resources */,
				D5FAE62D15E047B20028E80D /* bayerflagge_480x800_ohne_alles.png in Resources */,
				0B4CCE1E1891422B0033285D /* TazLocations.plist in Resources */,
				0B4CCE11189141E70033285D /* star@2x.png in Resources */,
				0B4CCE1B1891422B0033285D /* MagicMountain.plist in Resources */,
				0B4CCE12189141E70033285D /* overlay_park.png in Resources */,
				0B4CCE1F1891422B0033285D /* BatmanLocations.plist in Resources */,
				0B4CCE0C189141E70033285D /* food.png in Resources */,
				0B4CCE0A189141E70033285D /* firstaid.png in Resources */,
				0B4CCE0F189141E70033285D /* ride@2x.png in Resources */,
				0B4CCE10189141E70033285D /* star.png in Resources */,
				0B4CCE201891422B0033285D /* TweetyBirdLocations.plist in Resources */,
				D5CBC2E815EA2B4A00362917 /* IpadStoryboard.storyboard in Resources */,
			);
			runOnlyForDeploymentPostprocessing = 0;
		};
/* End PBXResourcesBuildPhase section */

/* Begin PBXSourcesBuildPhase section */
		D510D5F415DE65F5003B4986 /* Sources */ = {
			isa = PBXSourcesBuildPhase;
			buildActionMask = 2147483647;
			files = (
				0B4CCE23189142430033285D /* PVPark.m in Sources */,
				D510D67815DE826B003B4986 /* JSMCoreDataHelper.m in Sources */,
				D510D66F15DE77B5003B4986 /* Constants.m in Sources */,
				D510D60915DE65F5003B4986 /* main.m in Sources */,
				D510D60D15DE65F5003B4986 /* AppDelegate.m in Sources */,
				D510D63615DE67F7003B4986 /* BiergartenGAEFetcher.m in Sources */,
				0B4CCE34189142720033285D /* PVAttractionAnnotationView.m in Sources */,
				0B4CCE2C1891425C0033285D /* PVParkMapOverlayView.m in Sources */,
				D510D63915DE6BB8003B4986 /* BiergartenDataModel.xcdatamodeld in Sources */,
				D510D66715DE71EF003B4986 /* BiergartenDataHelper.m in Sources */,
				D522BA5B15DEDEA800826307 /* Speisen.m in Sources */,
				D522BA5E15DEDEA800826307 /* Biergarten.m in Sources */,
				0B4CCE2D1891425C0033285D /* PVCharacter.m in Sources */,
				D522BA6115DEDEA800826307 /* Adresse.m in Sources */,
				0B4CCE2B1891425C0033285D /* PVParkMapOverlay.m in Sources */,
				0B4CCE33189142720033285D /* PVAttractionAnnotation.m in Sources */,
				D522BA6415DEDEA800826307 /* Getraenke.m in Sources */,
				D5FAE63315E049A80028E80D /* BiergartenRootControllerViewController.m in Sources */,
			);
			runOnlyForDeploymentPostprocessing = 0;
		};
/* End PBXSourcesBuildPhase section */

/* Begin PBXVariantGroup section */
		D510D60515DE65F5003B4986 /* InfoPlist.strings */ = {
			isa = PBXVariantGroup;
			children = (
				D510D60615DE65F5003B4986 /* en */,
			);
			name = InfoPlist.strings;
			sourceTree = "<group>";
		};
		D510D60E15DE65F5003B4986 /* MainStoryboard.storyboard */ = {
			isa = PBXVariantGroup;
			children = (
				D510D60F15DE65F5003B4986 /* en */,
			);
			name = MainStoryboard.storyboard;
			sourceTree = "<group>";
		};
/* End PBXVariantGroup section */

/* Begin XCBuildConfiguration section */
		D510D61415DE65F5003B4986 /* Debug */ = {
			isa = XCBuildConfiguration;
			buildSettings = {
				ALWAYS_SEARCH_USER_PATHS = NO;
				ARCHS = "$(ARCHS_STANDARD_32_BIT)";
				CLANG_CXX_LANGUAGE_STANDARD = "gnu++0x";
				CLANG_ENABLE_OBJC_ARC = YES;
				CLANG_WARN__DUPLICATE_METHOD_MATCH = YES;
				"CODE_SIGN_IDENTITY[sdk=iphoneos*]" = "iPhone Developer";
				COPY_PHASE_STRIP = NO;
				GCC_C_LANGUAGE_STANDARD = gnu99;
				GCC_DYNAMIC_NO_PIC = NO;
				GCC_OPTIMIZATION_LEVEL = 0;
				GCC_PREPROCESSOR_DEFINITIONS = (
					"DEBUG=1",
					"$(inherited)",
				);
				GCC_SYMBOLS_PRIVATE_EXTERN = NO;
				GCC_VERSION = com.apple.compilers.llvm.clang.1_0;
				GCC_WARN_ABOUT_RETURN_TYPE = YES;
				GCC_WARN_UNINITIALIZED_AUTOS = YES;
				GCC_WARN_UNUSED_VARIABLE = YES;
				IPHONEOS_DEPLOYMENT_TARGET = 5.1;
				SDKROOT = iphoneos;
			};
			name = Debug;
		};
		D510D61515DE65F5003B4986 /* Release */ = {
			isa = XCBuildConfiguration;
			buildSettings = {
				ALWAYS_SEARCH_USER_PATHS = NO;
				ARCHS = "$(ARCHS_STANDARD_32_BIT)";
				CLANG_CXX_LANGUAGE_STANDARD = "gnu++0x";
				CLANG_ENABLE_OBJC_ARC = YES;
				CLANG_WARN__DUPLICATE_METHOD_MATCH = YES;
				"CODE_SIGN_IDENTITY[sdk=iphoneos*]" = "iPhone Developer";
				COPY_PHASE_STRIP = YES;
				GCC_C_LANGUAGE_STANDARD = gnu99;
				GCC_VERSION = com.apple.compilers.llvm.clang.1_0;
				GCC_WARN_ABOUT_RETURN_TYPE = YES;
				GCC_WARN_UNINITIALIZED_AUTOS = YES;
				GCC_WARN_UNUSED_VARIABLE = YES;
				IPHONEOS_DEPLOYMENT_TARGET = 5.1;
				OTHER_CFLAGS = "-DNS_BLOCK_ASSERTIONS=1";
				SDKROOT = iphoneos;
				VALIDATE_PRODUCT = YES;
			};
			name = Release;
		};
		D510D61715DE65F5003B4986 /* Debug */ = {
			isa = XCBuildConfiguration;
			buildSettings = {
				GCC_PRECOMPILE_PREFIX_HEADER = YES;
				GCC_PREFIX_HEADER = "BiergartenApp/BiergartenApp-Prefix.pch";
				INFOPLIST_FILE = "BiergartenApp/BiergartenApp-Info.plist";
				IPHONEOS_DEPLOYMENT_TARGET = 5.1;
				PRODUCT_NAME = "$(TARGET_NAME)";
				TARGETED_DEVICE_FAMILY = "1,2";
				WRAPPER_EXTENSION = app;
			};
			name = Debug;
		};
		D510D61815DE65F5003B4986 /* Release */ = {
			isa = XCBuildConfiguration;
			buildSettings = {
				GCC_PRECOMPILE_PREFIX_HEADER = YES;
				GCC_PREFIX_HEADER = "BiergartenApp/BiergartenApp-Prefix.pch";
				INFOPLIST_FILE = "BiergartenApp/BiergartenApp-Info.plist";
				IPHONEOS_DEPLOYMENT_TARGET = 5.1;
				PRODUCT_NAME = "$(TARGET_NAME)";
				TARGETED_DEVICE_FAMILY = "1,2";
				WRAPPER_EXTENSION = app;
			};
			name = Release;
		};
/* End XCBuildConfiguration section */

/* Begin XCConfigurationList section */
		D510D5F215DE65F5003B4986 /* Build configuration list for PBXProject "BiergartenApp" */ = {
			isa = XCConfigurationList;
			buildConfigurations = (
				D510D61415DE65F5003B4986 /* Debug */,
				D510D61515DE65F5003B4986 /* Release */,
			);
			defaultConfigurationIsVisible = 0;
			defaultConfigurationName = Release;
		};
		D510D61615DE65F5003B4986 /* Build configuration list for PBXNativeTarget "BiergartenApp" */ = {
			isa = XCConfigurationList;
			buildConfigurations = (
				D510D61715DE65F5003B4986 /* Debug */,
				D510D61815DE65F5003B4986 /* Release */,
			);
			defaultConfigurationIsVisible = 0;
			defaultConfigurationName = Release;
		};
/* End XCConfigurationList section */

/* Begin XCVersionGroup section */
		D510D63715DE6BB8003B4986 /* BiergartenDataModel.xcdatamodeld */ = {
			isa = XCVersionGroup;
			children = (
				D510D63815DE6BB8003B4986 /* BiergartenDataModel.xcdatamodel */,
			);
			currentVersion = D510D63815DE6BB8003B4986 /* BiergartenDataModel.xcdatamodel */;
			path = BiergartenDataModel.xcdatamodeld;
			sourceTree = "<group>";
			versionGroupType = wrapper.xcdatamodel;
		};
/* End XCVersionGroup section */
	};
	rootObject = D510D5EF15DE65F5003B4986 /* Project object */;
}
